{
  "name": "persian-swear-words",
  "version": "3.0.0",
  "lockfileVersion": 3,
  "requires": true,
  "packages": {
    "": {
      "name": "persian-swear-words",
      "version": "3.0.0",
      "license": "Apache-2.0",
      "dependencies": {
        "persian-swear-words": "^3.0.0"
      }
    },
    "node_modules/persian-swear-words": {
      "version": "3.0.0",
      "resolved": "https://registry.npmjs.org/persian-swear-words/-/persian-swear-words-3.0.0.tgz",
      "integrity": "sha512-W+vQbCfH4XFOMt6ybYZ7q7AmPDPwEa/fTuL8guZE7mBkjDhDJWOZKhU6EzJt667eVu+wifpO1YG4nOKnJzWELA==",
      "license": "Apache-2.0"
    }
  }
}
